schema: '2.0'
stages:
  load_data:
    cmd: python src/load_data.py --config=params.yaml
    deps:
    - path: data_given/winequality.csv
      md5: ccc8d3507eb151f53f760d36abdef888
      size: 91998
    - path: src/get_data.py
      md5: 00a097f4ce57f11c84cb49af6028f1bf
      size: 685
    - path: src/load_data.py
      md5: e6e57b5f4919ab848d202bcdb3b914a6
      size: 668
    outs:
    - path: data/raw/winequality.csv
      md5: d98e8f2eca228c11c4de1cc96866a54d
      size: 93598
